
Microsoft Visual Studio Solution File, Format Version 12.00
# Visual Studio Version 17
VisualStudioVersion = 17.3.32922.545
MinimumVisualStudioVersion = 10.0.40219.1
Project("{FAE04EC0-301F-11D3-BF4B-00C04F79EFBC}") = "GuruDert", "GuruDert\GuruDert.csproj", "{305C754B-7BAE-4FCC-9A44-9E2CB4C45A46}"
EndProject
Global
	GlobalSection(SolutionConfigurationPlatforms) = preSolution
		Debug|Any CPU = Debug|Any CPU
		Release|Any CPU = Release|Any CPU
	EndGlobalSection
	GlobalSection(ProjectConfigurationPlatforms) = postSolution
		{305C754B-7BAE-4FCC-9A44-9E2CB4C45A46}.Debug|Any CPU.ActiveCfg = Debug|Any CPU
		{305C754B-7BAE-4FCC-9A44-9E2CB4C45A46}.Debug|Any CPU.Build.0 = Debug|Any CPU
		{305C754B-7BAE-4FCC-9A44-9E2CB4C45A46}.Release|Any CPU.ActiveCfg = Release|Any CPU
		{305C754B-7BAE-4FCC-9A44-9E2CB4C45A46}.Release|Any CPU.Build.0 = Release|Any CPU
	EndGlobalSection
	GlobalSection(SolutionProperties) = preSolution
		HideSolutionNode = FALSE
	EndGlobalSection
	GlobalSection(ExtensibilityGlobals) = postSolution
		SolutionGuid = {22DB3BD8-1C05-4F1C-9035-68400328F5E5}
	EndGlobalSection
EndGlobal
